Microsoft Visual Studio Solution File, Format Version 12.00
# Visual Studio Version 17
VisualStudioVersion = 17.12.35309.182
MinimumVisualStudioVersion = 10.0.40219.1
Project("{FAE04EC0-301F-11D3-BF4B-00C04F79EFBC}") = "KeePassLib", "KeePassLib\KeePassLib.csproj", "{53573E4E-33CB-4FDB-8698-C95F5E40E7F3}"
EndProject
Project("{FAE04EC0-301F-11D3-BF4B-00C04F79EFBC}") = "KeePass", "KeePass\KeePass.csproj", "{10938016-DEE2-4A25-9A5A-8FD3444379CA}"
EndProject
Project("{FAE04EC0-301F-11D3-BF4B-00C04F79EFBC}") = "TrlUtil", "Translation\TrlUtil\TrlUtil.csproj", "{B7E890E7-BF50-4450-9A52-C105BD98651C}"
EndProject
Project("{FAE04EC0-301F-11D3-BF4B-00C04F79EFBC}") = "OfflinePasswordCheckPlugin", "Plugins\OfflinePasswordCheck\OfflinePasswordCheck\OfflinePasswordCheckPlugin.csproj", "{376D8E2F-7913-404A-BF09-F62A77114264}"
EndProject
Project("{2150E333-8FDC-42A3-9474-1A3956D46DE8}") = "Plugins", "Plugins", "{F8B54EC5-C1FB-4567-A8D2-A78CF93B34FE}"
EndProject
Project("{2150E333-8FDC-42A3-9474-1A3956D46DE8}") = "Lib", "Lib", "{71901B12-FAE3-4653-B143-767DEB5AAE75}"
EndProject
Project("{2150E333-8FDC-42A3-9474-1A3956D46DE8}") = "{global}", "{global}", "{B13A94B9-C59C-41E9-B8CF-F5DD40219663}"
	ProjectSection(SolutionItems) = preProject
		.editorconfig = .editorconfig
		.gitignore = .gitignore
		.gitmodules = .gitmodules
		cspell.config.yaml = cspell.config.yaml
		README.md = README.md
		vcpkg.json = vcpkg.json
	EndProjectSection
EndProject
Global
	GlobalSection(SolutionConfigurationPlatforms) = preSolution
		Debug|Any CPU = Debug|Any CPU
		Debug|x64 = Debug|x64
		Debug|x86 = Debug|x86
		Release|Any CPU = Release|Any CPU
		Release|x64 = Release|x64
		Release|x86 = Release|x86
	EndGlobalSection
	GlobalSection(ProjectConfigurationPlatforms) = postSolution
		{53573E4E-33CB-4FDB-8698-C95F5E40E7F3}.Debug|Any CPU.ActiveCfg = Debug|Any CPU
		{53573E4E-33CB-4FDB-8698-C95F5E40E7F3}.Debug|Any CPU.Build.0 = Debug|Any CPU
		{53573E4E-33CB-4FDB-8698-C95F5E40E7F3}.Debug|x64.ActiveCfg = Debug|x64
		{53573E4E-33CB-4FDB-8698-C95F5E40E7F3}.Debug|x64.Build.0 = Debug|x64
		{53573E4E-33CB-4FDB-8698-C95F5E40E7F3}.Debug|x86.ActiveCfg = Debug|Any CPU
		{53573E4E-33CB-4FDB-8698-C95F5E40E7F3}.Debug|x86.Build.0 = Debug|Any CPU
		{53573E4E-33CB-4FDB-8698-C95F5E40E7F3}.Release|Any CPU.ActiveCfg = Release|Any CPU
		{53573E4E-33CB-4FDB-8698-C95F5E40E7F3}.Release|Any CPU.Build.0 = Release|Any CPU
		{53573E4E-33CB-4FDB-8698-C95F5E40E7F3}.Release|x64.ActiveCfg = Release|x64
		{53573E4E-33CB-4FDB-8698-C95F5E40E7F3}.Release|x64.Build.0 = Release|x64
		{53573E4E-33CB-4FDB-8698-C95F5E40E7F3}.Release|x86.ActiveCfg = Release|Any CPU
		{53573E4E-33CB-4FDB-8698-C95F5E40E7F3}.Release|x86.Build.0 = Release|Any CPU
		{10938016-DEE2-4A25-9A5A-8FD3444379CA}.Debug|Any CPU.ActiveCfg = Debug|Any CPU
		{10938016-DEE2-4A25-9A5A-8FD3444379CA}.Debug|Any CPU.Build.0 = Debug|Any CPU
		{10938016-DEE2-4A25-9A5A-8FD3444379CA}.Debug|x64.ActiveCfg = Debug|x64
		{10938016-DEE2-4A25-9A5A-8FD3444379CA}.Debug|x64.Build.0 = Debug|x64
		{10938016-DEE2-4A25-9A5A-8FD3444379CA}.Debug|x86.ActiveCfg = Debug|Any CPU
		{10938016-DEE2-4A25-9A5A-8FD3444379CA}.Debug|x86.Build.0 = Debug|Any CPU
		{10938016-DEE2-4A25-9A5A-8FD3444379CA}.Release|Any CPU.ActiveCfg = Release|Any CPU
		{10938016-DEE2-4A25-9A5A-8FD3444379CA}.Release|Any CPU.Build.0 = Release|Any CPU
		{10938016-DEE2-4A25-9A5A-8FD3444379CA}.Release|x64.ActiveCfg = Release|x64
		{10938016-DEE2-4A25-9A5A-8FD3444379CA}.Release|x64.Build.0 = Release|x64
		{10938016-DEE2-4A25-9A5A-8FD3444379CA}.Release|x86.ActiveCfg = Release|Any CPU
		{10938016-DEE2-4A25-9A5A-8FD3444379CA}.Release|x86.Build.0 = Release|Any CPU
		{B7E890E7-BF50-4450-9A52-C105BD98651C}.Debug|Any CPU.ActiveCfg = Debug|Any CPU
		{B7E890E7-BF50-4450-9A52-C105BD98651C}.Debug|Any CPU.Build.0 = Debug|Any CPU
		{B7E890E7-BF50-4450-9A52-C105BD98651C}.Debug|x64.ActiveCfg = Debug|x64
		{B7E890E7-BF50-4450-9A52-C105BD98651C}.Debug|x64.Build.0 = Debug|x64
		{B7E890E7-BF50-4450-9A52-C105BD98651C}.Debug|x86.ActiveCfg = Debug|Any CPU
		{B7E890E7-BF50-4450-9A52-C105BD98651C}.Debug|x86.Build.0 = Debug|Any CPU
		{B7E890E7-BF50-4450-9A52-C105BD98651C}.Release|Any CPU.ActiveCfg = Release|Any CPU
		{B7E890E7-BF50-4450-9A52-C105BD98651C}.Release|Any CPU.Build.0 = Release|Any CPU
		{B7E890E7-BF50-4450-9A52-C105BD98651C}.Release|x64.ActiveCfg = Release|x64
		{B7E890E7-BF50-4450-9A52-C105BD98651C}.Release|x64.Build.0 = Release|x64
		{B7E890E7-BF50-4450-9A52-C105BD98651C}.Release|x86.ActiveCfg = Release|Any CPU
		{B7E890E7-BF50-4450-9A52-C105BD98651C}.Release|x86.Build.0 = Release|Any CPU
		{376D8E2F-7913-404A-BF09-F62A77114264}.Debug|Any CPU.ActiveCfg = Debug|Any CPU
		{376D8E2F-7913-404A-BF09-F62A77114264}.Debug|Any CPU.Build.0 = Debug|Any CPU
		{376D8E2F-7913-404A-BF09-F62A77114264}.Debug|x64.ActiveCfg = Debug|x64
		{376D8E2F-7913-404A-BF09-F62A77114264}.Debug|x64.Build.0 = Debug|x64
		{376D8E2F-7913-404A-BF09-F62A77114264}.Debug|x86.ActiveCfg = Debug|Any CPU
		{376D8E2F-7913-404A-BF09-F62A77114264}.Debug|x86.Build.0 = Debug|Any CPU
		{376D8E2F-7913-404A-BF09-F62A77114264}.Release|Any CPU.ActiveCfg = Release|Any CPU
		{376D8E2F-7913-404A-BF09-F62A77114264}.Release|Any CPU.Build.0 = Release|Any CPU
		{376D8E2F-7913-404A-BF09-F62A77114264}.Release|x64.ActiveCfg = Release|x64
		{376D8E2F-7913-404A-BF09-F62A77114264}.Release|x64.Build.0 = Release|x64
		{376D8E2F-7913-404A-BF09-F62A77114264}.Release|x86.ActiveCfg = Release|Any CPU
		{376D8E2F-7913-404A-BF09-F62A77114264}.Release|x86.Build.0 = Release|Any CPU
	EndGlobalSection
	GlobalSection(SolutionProperties) = preSolution
		HideSolutionNode = FALSE
	EndGlobalSection
	GlobalSection(NestedProjects) = preSolution
		{53573E4E-33CB-4FDB-8698-C95F5E40E7F3} = {71901B12-FAE3-4653-B143-767DEB5AAE75}
		{B7E890E7-BF50-4450-9A52-C105BD98651C} = {71901B12-FAE3-4653-B143-767DEB5AAE75}
		{376D8E2F-7913-404A-BF09-F62A77114264} = {F8B54EC5-C1FB-4567-A8D2-A78CF93B34FE}
	EndGlobalSection
	GlobalSection(ExtensibilityGlobals) = postSolution
		SolutionGuid = {C7DF29C5-EE0E-4928-B820-9F0CC419EA5C}
	EndGlobalSection
EndGlobal
